
Microsoft Visual Studio Solution File, Format Version 12.00
# Visual Studio Version 17
VisualStudioVersion = 17.8.34525.116
MinimumVisualStudioVersion = 10.0.40219.1
Project("{FAE04EC0-301F-11D3-BF4B-00C04F79EFBC}") = "hello-aspnetcore", "hello-aspnetcore\hello-aspnetcore.csproj", "{FDE20522-E1F9-44A0-B79D-07305D110786}"
EndProject
Global
	GlobalSection(SolutionConfigurationPlatforms) = preSolution
		Debug|Any CPU = Debug|Any CPU
		Release|Any CPU = Release|Any CPU
	EndGlobalSection
	GlobalSection(ProjectConfigurationPlatforms) = postSolution
		{FDE20522-E1F9-44A0-B79D-07305D110786}.Debug|Any CPU.ActiveCfg = Debug|Any CPU
		{FDE20522-E1F9-44A0-B79D-07305D110786}.Debug|Any CPU.Build.0 = Debug|Any CPU
		{FDE20522-E1F9-44A0-B79D-07305D110786}.Release|Any CPU.ActiveCfg = Release|Any CPU
		{FDE20522-E1F9-44A0-B79D-07305D110786}.Release|Any CPU.Build.0 = Release|Any CPU
	EndGlobalSection
	GlobalSection(SolutionProperties) = preSolution
		HideSolutionNode = FALSE
	EndGlobalSection
	GlobalSection(ExtensibilityGlobals) = postSolution
		SolutionGuid = {49229079-7B0F-44DF-AA47-A264236898E7}
	EndGlobalSection
EndGlobal
